schema: '2.0'
stages:
  preprocess:
    cmd: python src/preprocess.py
    deps:
    - path: data/raw/demo.test
      hash: md5
      md5: 85e9db17e5d5a4da4f2187b8d2cf9ceb
      size: 31
    - path: src/preprocess.py
      hash: md5
      md5: 0089f4fc6908fe663c2806433b752340
      size: 834
    params:
      params.yaml:
        preprocess.to_uppercase: true
    outs:
    - path: data/processed/processed.txt
      hash: md5
      md5: 0a7566ce1d4df30c9c09eb3d1ee8ef3a
      size: 35
  train:
    cmd: python src/train.py
    deps:
    - path: data/processed/processed.txt
      hash: md5
      md5: 0a7566ce1d4df30c9c09eb3d1ee8ef3a
      size: 35
    - path: src/train.py
      hash: md5
      md5: b3797b30cbada8c4f7ccbacaddaa0c1f
      size: 450
    params:
      params.yaml:
        train.model_name: simple_text_model
    outs:
    - path: metrics.txt
      hash: md5
      md5: 5110349d10b70c1cb52e6775381cea30
      size: 17
    - path: models/model.txt
      hash: md5
      md5: c41c338ca56d73026437ba1548f03b4d
      size: 59
