schema: '2.0'
stages:
  preprocess:
    cmd: python src/preprocess.py
    deps:
    - path: data/raw/demo.test
      hash: md5
      md5: 945b203e458efda0ff09bff2b32d5b3b
      size: 6
    - path: src/preprocess.py
      hash: md5
      md5: 4077eddca8d83525ba371806a9dda33f
      size: 621
    outs:
    - path: data/processed/processed.txt
      hash: md5
      md5: 99f3183f87dd63d426eeed75368ed97a
      size: 7
  train:
    cmd: python src/train.py
    deps:
    - path: data/processed/processed.txt
      hash: md5
      md5: 99f3183f87dd63d426eeed75368ed97a
      size: 7
    - path: src/train.py
      hash: md5
      md5: dd7582c964b6bb405289bd51c82da052
      size: 605
    outs:
    - path: models/model.txt
      hash: md5
      md5: 07cb9b260dddb560cd7a223ddfc8c1ec
      size: 31
